
Microsoft Visual Studio Solution File, Format Version 12.00
# Visual Studio Version 17
VisualStudioVersion = 17.14.36429.23 d17.14
MinimumVisualStudioVersion = 10.0.40219.1
Project("{FAE04EC0-301F-11D3-BF4B-00C04F79EFBC}") = "Putzdemo", "Putzdemo.csproj", "{5EBAAB82-55AA-4C1F-B248-490C466DD3C0}"
EndProject
Global
	GlobalSection(SolutionConfigurationPlatforms) = preSolution
		Debug|Any CPU = Debug|Any CPU
		Release|Any CPU = Release|Any CPU
	EndGlobalSection
	GlobalSection(ProjectConfigurationPlatforms) = postSolution
		{5EBAAB82-55AA-4C1F-B248-490C466DD3C0}.Debug|Any CPU.ActiveCfg = Debug|Any CPU
		{5EBAAB82-55AA-4C1F-B248-490C466DD3C0}.Debug|Any CPU.Build.0 = Debug|Any CPU
		{5EBAAB82-55AA-4C1F-B248-490C466DD3C0}.Release|Any CPU.ActiveCfg = Release|Any CPU
		{5EBAAB82-55AA-4C1F-B248-490C466DD3C0}.Release|Any CPU.Build.0 = Release|Any CPU
	EndGlobalSection
	GlobalSection(SolutionProperties) = preSolution
		HideSolutionNode = FALSE
	EndGlobalSection
	GlobalSection(ExtensibilityGlobals) = postSolution
		SolutionGuid = {609E2F2B-3FB6-463A-9BC0-A64CE8184D0D}
	EndGlobalSection
EndGlobal
